
Microsoft Visual Studio Solution File, Format Version 12.00
# Visual Studio Version 16
VisualStudioVersion = 16.0.30503.244
MinimumVisualStudioVersion = 10.0.40219.1
Project("{D2ABAB84-BF74-430A-B69E-9DC6D40DDA17}") = "LoanDW_SSAS", "LoanDW_SSAS.dwproj", "{0F5B4951-D818-407D-8A54-34154E76F6EA}"
EndProject
Global
	GlobalSection(SolutionConfigurationPlatforms) = preSolution
		Development|Default = Development|Default
	EndGlobalSection
	GlobalSection(ProjectConfigurationPlatforms) = postSolution
		{0F5B4951-D818-407D-8A54-34154E76F6EA}.Development|Default.ActiveCfg = Development
		{0F5B4951-D818-407D-8A54-34154E76F6EA}.Development|Default.Build.0 = Development
		{0F5B4951-D818-407D-8A54-34154E76F6EA}.Development|Default.Deploy.0 = Development
	EndGlobalSection
	GlobalSection(SolutionProperties) = preSolution
		HideSolutionNode = FALSE
	EndGlobalSection
	GlobalSection(ExtensibilityGlobals) = postSolution
		SolutionGuid = {87024BE1-1D2A-41B8-8BF9-DEAC32A3D307}
	EndGlobalSection
EndGlobal
